// !$*UTF8*$!
{
	archiveVersion = 1;
	classes = {
	};
	objectVersion = 48;
	objects = {

/* Begin PBXBuildFile section */
		372B06D5205AE98F00D22AC4 /* SortingTester.cpp in Sources */ = {isa = PBXBuildFile; fileRef = 372B06D3205AE98F00D22AC4 /* SortingTester.cpp */; };
		37561F17202244010098D3B5 /* Runner.cpp in Sources */ = {isa = PBXBuildFile; fileRef = 37561F16202244010098D3B5 /* Runner.cpp */; };
		37561F1B202244560098D3B5 /* Controller.cpp in Sources */ = {isa = PBXBuildFile; fileRef = 37561F19202244560098D3B5 /* Controller.cpp */; };
		37561F1F202247060098D3B5 /* Timer.cpp in Sources */ = {isa = PBXBuildFile; fileRef = 37561F1D202247060098D3B5 /* Timer.cpp */; };
		37561F2220224D190098D3B5 /* FileController.cpp in Sources */ = {isa = PBXBuildFile; fileRef = 37561F2020224D190098D3B5 /* FileController.cpp */; };
		37561F2720224FBC0098D3B5 /* CrimeData.cpp in Sources */ = {isa = PBXBuildFile; fileRef = 37561F2420224FBC0098D3B5 /* CrimeData.cpp */; };
		375F7E2F2034C6DD008F4699 /* LinkedListTester.cpp in Sources */ = {isa = PBXBuildFile; fileRef = 375F7E2D2034C6DD008F4699 /* LinkedListTester.cpp */; };
		376615D6204492EB007AAEEC /* TestingStacksAndQueues.cpp in Sources */ = {isa = PBXBuildFile; fileRef = 376615D4204492EB007AAEEC /* TestingStacksAndQueues.cpp */; };
		378893A3202A33A300D3F79A /* ArrayTester.cpp in Sources */ = {isa = PBXBuildFile; fileRef = 378893A1202A33A300D3F79A /* ArrayTester.cpp */; };
		37C5EE8C206ACA26003C031D /* BinaryTreeTester.cpp in Sources */ = {isa = PBXBuildFile; fileRef = 37C5EE8A206ACA26003C031D /* BinaryTreeTester.cpp */; };
		37ED53352065727200D37078 /* GraphTester.cpp in Sources */ = {isa = PBXBuildFile; fileRef = 37ED53332065727200D37078 /* GraphTester.cpp */; };
		37EFC1DB204DC534008C7424 /* RecursionTester.cpp in Sources */ = {isa = PBXBuildFile; fileRef = 37EFC1D9204DC534008C7424 /* RecursionTester.cpp */; };
/* End PBXBuildFile section */

/* Begin PBXCopyFilesBuildPhase section */
		37561F0A202243590098D3B5 /* CopyFiles */ = {
			isa = PBXCopyFilesBuildPhase;
			buildActionMask = 2147483647;
			dstPath = /usr/share/man/man1/;
			dstSubfolderSpec = 0;
			files = (
			);
			runOnlyForDeploymentPostprocessing = 1;
		};
/* End PBXCopyFilesBuildPhase section */

/* Begin PBXFileReference section */
		37109A78202CD8F10029F5C9 /* DataStructureUML.uxf */ = {isa = PBXFileReference; fileEncoding = 4; lastKnownFileType = text.xml; path = DataStructureUML.uxf; sourceTree = "<group>"; };
		37109A7A202CE1C50029F5C9 /* List.hpp */ = {isa = PBXFileReference; lastKnownFileType = sourcecode.cpp.h; path = List.hpp; sourceTree = "<group>"; };
		371DC09E20866B7F00D58933 /* AVLTree.hpp */ = {isa = PBXFileReference; lastKnownFileType = sourcecode.cpp.h; path = AVLTree.hpp; sourceTree = "<group>"; };
		372B06D3205AE98F00D22AC4 /* SortingTester.cpp */ = {isa = PBXFileReference; lastKnownFileType = sourcecode.cpp.cpp; path = SortingTester.cpp; sourceTree = "<group>"; };
		372B06D4205AE98F00D22AC4 /* SortingTester.hpp */ = {isa = PBXFileReference; lastKnownFileType = sourcecode.cpp.h; path = SortingTester.hpp; sourceTree = "<group>"; };
		37561F0C202243590098D3B5 /* DataStructureProject */ = {isa = PBXFileReference; explicitFileType = "compiled.mach-o.executable"; includeInIndex = 0; path = DataStructureProject; sourceTree = BUILT_PRODUCTS_DIR; };
		37561F16202244010098D3B5 /* Runner.cpp */ = {isa = PBXFileReference; lastKnownFileType = sourcecode.cpp.cpp; path = Runner.cpp; sourceTree = "<group>"; };
		37561F19202244560098D3B5 /* Controller.cpp */ = {isa = PBXFileReference; lastKnownFileType = sourcecode.cpp.cpp; path = Controller.cpp; sourceTree = "<group>"; };
		37561F1A202244560098D3B5 /* Controller.hpp */ = {isa = PBXFileReference; lastKnownFileType = sourcecode.cpp.h; path = Controller.hpp; sourceTree = "<group>"; };
		37561F1D202247060098D3B5 /* Timer.cpp */ = {isa = PBXFileReference; lastKnownFileType = sourcecode.cpp.cpp; path = Timer.cpp; sourceTree = "<group>"; };
		37561F1E202247060098D3B5 /* Timer.hpp */ = {isa = PBXFileReference; lastKnownFileType = sourcecode.cpp.h; path = Timer.hpp; sourceTree = "<group>"; };
		37561F2020224D190098D3B5 /* FileController.cpp */ = {isa = PBXFileReference; lastKnownFileType = sourcecode.cpp.cpp; path = FileController.cpp; sourceTree = "<group>"; };
		37561F2120224D190098D3B5 /* FileController.hpp */ = {isa = PBXFileReference; lastKnownFileType = sourcecode.cpp.h; path = FileController.hpp; sourceTree = "<group>"; };
		37561F2420224FBC0098D3B5 /* CrimeData.cpp */ = {isa = PBXFileReference; fileEncoding = 4; lastKnownFileType = sourcecode.cpp.cpp; path = CrimeData.cpp; sourceTree = "<group>"; };
		37561F2520224FBC0098D3B5 /* crime.csv */ = {isa = PBXFileReference; fileEncoding = 4; lastKnownFileType = text; path = crime.csv; sourceTree = "<group>"; };
		37561F2620224FBC0098D3B5 /* CrimeData.hpp */ = {isa = PBXFileReference; fileEncoding = 4; lastKnownFileType = sourcecode.cpp.h; path = CrimeData.hpp; sourceTree = "<group>"; };
		375DA6802024EE66005D88D3 /* Array.hpp */ = {isa = PBXFileReference; lastKnownFileType = sourcecode.cpp.h; path = Array.hpp; sourceTree = "<group>"; };
		375F7E2B2034B944008F4699 /* LinkedList.hpp */ = {isa = PBXFileReference; lastKnownFileType = sourcecode.cpp.h; path = LinkedList.hpp; sourceTree = "<group>"; };
		375F7E2D2034C6DD008F4699 /* LinkedListTester.cpp */ = {isa = PBXFileReference; lastKnownFileType = sourcecode.cpp.cpp; path = LinkedListTester.cpp; sourceTree = "<group>"; };
		375F7E2E2034C6DD008F4699 /* LinkedListTester.hpp */ = {isa = PBXFileReference; lastKnownFileType = sourcecode.cpp.h; path = LinkedListTester.hpp; sourceTree = "<group>"; };
		376615D220448F11007AAEEC /* DoubleNode.hpp */ = {isa = PBXFileReference; lastKnownFileType = sourcecode.cpp.h; path = DoubleNode.hpp; sourceTree = "<group>"; };
		376615D4204492EB007AAEEC /* TestingStacksAndQueues.cpp */ = {isa = PBXFileReference; lastKnownFileType = sourcecode.cpp.cpp; path = TestingStacksAndQueues.cpp; sourceTree = "<group>"; };
		376615D5204492EB007AAEEC /* TestingStacksAndQueues.hpp */ = {isa = PBXFileReference; lastKnownFileType = sourcecode.cpp.h; path = TestingStacksAndQueues.hpp; sourceTree = "<group>"; };
		376615D820449AF0007AAEEC /* CircularList.hpp */ = {isa = PBXFileReference; lastKnownFileType = sourcecode.cpp.h; path = CircularList.hpp; sourceTree = "<group>"; };
		378893A1202A33A300D3F79A /* ArrayTester.cpp */ = {isa = PBXFileReference; lastKnownFileType = sourcecode.cpp.cpp; path = ArrayTester.cpp; sourceTree = "<group>"; };
		378893A2202A33A300D3F79A /* ArrayTester.hpp */ = {isa = PBXFileReference; lastKnownFileType = sourcecode.cpp.h; path = ArrayTester.hpp; sourceTree = "<group>"; };
		378893A6202A418100D3F79A /* Node.hpp */ = {isa = PBXFileReference; lastKnownFileType = sourcecode.cpp.h; path = Node.hpp; sourceTree = "<group>"; };
		378893A9202A492F00D3F79A /* LinearNode.hpp */ = {isa = PBXFileReference; lastKnownFileType = sourcecode.cpp.h; path = LinearNode.hpp; sourceTree = "<group>"; };
		37975BCE206036740025D4B7 /* Graph.hpp */ = {isa = PBXFileReference; lastKnownFileType = sourcecode.cpp.h; path = Graph.hpp; sourceTree = "<group>"; };
		37C5EE85206ABF27003C031D /* BinaryTreeNode.hpp */ = {isa = PBXFileReference; lastKnownFileType = sourcecode.cpp.h; path = BinaryTreeNode.hpp; sourceTree = "<group>"; };
		37C5EE88206AC8B3003C031D /* Tree.hpp */ = {isa = PBXFileReference; lastKnownFileType = sourcecode.cpp.h; path = Tree.hpp; sourceTree = "<group>"; };
		37C5EE8A206ACA26003C031D /* BinaryTreeTester.cpp */ = {isa = PBXFileReference; lastKnownFileType = sourcecode.cpp.cpp; path = BinaryTreeTester.cpp; sourceTree = "<group>"; };
		37C5EE8B206ACA26003C031D /* BinaryTreeTester.hpp */ = {isa = PBXFileReference; lastKnownFileType = sourcecode.cpp.h; path = BinaryTreeTester.hpp; sourceTree = "<group>"; };
		37E85EB1203F497E00FD634D /* Stack.hpp */ = {isa = PBXFileReference; lastKnownFileType = sourcecode.cpp.h; path = Stack.hpp; sourceTree = "<group>"; };
		37E85EB4203F4E4F00FD634D /* Queue.hpp */ = {isa = PBXFileReference; lastKnownFileType = sourcecode.cpp.h; path = Queue.hpp; sourceTree = "<group>"; };
		37EAD0CF206D5FA700B1BDAC /* BinarySearchTree.hpp */ = {isa = PBXFileReference; lastKnownFileType = sourcecode.cpp.h; path = BinarySearchTree.hpp; sourceTree = "<group>"; };
		37ED53332065727200D37078 /* GraphTester.cpp */ = {isa = PBXFileReference; lastKnownFileType = sourcecode.cpp.cpp; path = GraphTester.cpp; sourceTree = "<group>"; };
		37ED53342065727200D37078 /* GraphTester.hpp */ = {isa = PBXFileReference; lastKnownFileType = sourcecode.cpp.h; path = GraphTester.hpp; sourceTree = "<group>"; };
		37EFC1D9204DC534008C7424 /* RecursionTester.cpp */ = {isa = PBXFileReference; lastKnownFileType = sourcecode.cpp.cpp; path = RecursionTester.cpp; sourceTree = "<group>"; };
		37EFC1DA204DC534008C7424 /* RecursionTester.hpp */ = {isa = PBXFileReference; lastKnownFileType = sourcecode.cpp.h; path = RecursionTester.hpp; sourceTree = "<group>"; };
/* End PBXFileReference section */

/* Begin PBXFrameworksBuildPhase section */
		37561F09202243590098D3B5 /* Frameworks */ = {
			isa = PBXFrameworksBuildPhase;
			buildActionMask = 2147483647;
			files = (
			);
			runOnlyForDeploymentPostprocessing = 0;
		};
/* End PBXFrameworksBuildPhase section */

/* Begin PBXGroup section */
		37561F03202243590098D3B5 = {
			isa = PBXGroup;
			children = (
				37109A78202CD8F10029F5C9 /* DataStructureUML.uxf */,
				37561F0E202243590098D3B5 /* DataStructureProject */,
				37561F0D202243590098D3B5 /* Products */,
			);
			sourceTree = "<group>";
		};
		37561F0D202243590098D3B5 /* Products */ = {
			isa = PBXGroup;
			children = (
				37561F0C202243590098D3B5 /* DataStructureProject */,
			);
			name = Products;
			sourceTree = "<group>";
		};
		37561F0E202243590098D3B5 /* DataStructureProject */ = {
			isa = PBXGroup;
			children = (
				378893A0202A338700D3F79A /* Testers */,
				375DA67C2024EE15005D88D3 /* Model */,
				37561F2320224F620098D3B5 /* Data */,
				37561F182022443A0098D3B5 /* Controller */,
				37561F16202244010098D3B5 /* Runner.cpp */,
			);
			path = DataStructureProject;
			sourceTree = "<group>";
		};
		37561F182022443A0098D3B5 /* Controller */ = {
			isa = PBXGroup;
			children = (
				37561F1C202246DD0098D3B5 /* Tools */,
				37561F19202244560098D3B5 /* Controller.cpp */,
				37561F1A202244560098D3B5 /* Controller.hpp */,
				37561F2020224D190098D3B5 /* FileController.cpp */,
				37561F2120224D190098D3B5 /* FileController.hpp */,
			);
			path = Controller;
			sourceTree = "<group>";
		};
		37561F1C202246DD0098D3B5 /* Tools */ = {
			isa = PBXGroup;
			children = (
				37561F1D202247060098D3B5 /* Timer.cpp */,
				37561F1E202247060098D3B5 /* Timer.hpp */,
			);
			path = Tools;
			sourceTree = "<group>";
		};
		37561F2320224F620098D3B5 /* Data */ = {
			isa = PBXGroup;
			children = (
				37561F2520224FBC0098D3B5 /* crime.csv */,
				37561F2420224FBC0098D3B5 /* CrimeData.cpp */,
				37561F2620224FBC0098D3B5 /* CrimeData.hpp */,
			);
			path = Data;
			sourceTree = "<group>";
		};
		375DA67C2024EE15005D88D3 /* Model */ = {
			isa = PBXGroup;
			children = (
				378893A4202A416D00D3F79A /* Nodes */,
				375DA67D2024EE1D005D88D3 /* Structures */,
			);
			path = Model;
			sourceTree = "<group>";
		};
		375DA67D2024EE1D005D88D3 /* Structures */ = {
			isa = PBXGroup;
			children = (
				37975BCB2060362C0025D4B7 /* NonLinear */,
				37E85EAF203F48D600FD634D /* Linear */,
			);
			path = Structures;
			sourceTree = "<group>";
		};
		378893A0202A338700D3F79A /* Testers */ = {
			isa = PBXGroup;
			children = (
				378893A1202A33A300D3F79A /* ArrayTester.cpp */,
				378893A2202A33A300D3F79A /* ArrayTester.hpp */,
				375F7E2D2034C6DD008F4699 /* LinkedListTester.cpp */,
				375F7E2E2034C6DD008F4699 /* LinkedListTester.hpp */,
				376615D4204492EB007AAEEC /* TestingStacksAndQueues.cpp */,
				376615D5204492EB007AAEEC /* TestingStacksAndQueues.hpp */,
				37EFC1D9204DC534008C7424 /* RecursionTester.cpp */,
				37EFC1DA204DC534008C7424 /* RecursionTester.hpp */,
				372B06D3205AE98F00D22AC4 /* SortingTester.cpp */,
				372B06D4205AE98F00D22AC4 /* SortingTester.hpp */,
				37ED53332065727200D37078 /* GraphTester.cpp */,
				37ED53342065727200D37078 /* GraphTester.hpp */,
				37C5EE8A206ACA26003C031D /* BinaryTreeTester.cpp */,
				37C5EE8B206ACA26003C031D /* BinaryTreeTester.hpp */,
			);
			path = Testers;
			sourceTree = "<group>";
		};
		378893A4202A416D00D3F79A /* Nodes */ = {
			isa = PBXGroup;
			children = (
				378893A6202A418100D3F79A /* Node.hpp */,
				378893A9202A492F00D3F79A /* LinearNode.hpp */,
				376615D220448F11007AAEEC /* DoubleNode.hpp */,
				37C5EE85206ABF27003C031D /* BinaryTreeNode.hpp */,
			);
			path = Nodes;
			sourceTree = "<group>";
		};
		37975BCB2060362C0025D4B7 /* NonLinear */ = {
			isa = PBXGroup;
			children = (
				37975BCE206036740025D4B7 /* Graph.hpp */,
				37C5EE88206AC8B3003C031D /* Tree.hpp */,
				37EAD0CF206D5FA700B1BDAC /* BinarySearchTree.hpp */,
				371DC09E20866B7F00D58933 /* AVLTree.hpp */,
			);
			path = NonLinear;
			sourceTree = "<group>";
		};
		37E85EAF203F48D600FD634D /* Linear */ = {
			isa = PBXGroup;
			children = (
				37109A7A202CE1C50029F5C9 /* List.hpp */,
				375F7E2B2034B944008F4699 /* LinkedList.hpp */,
				375DA6802024EE66005D88D3 /* Array.hpp */,
				37E85EB1203F497E00FD634D /* Stack.hpp */,
				37E85EB4203F4E4F00FD634D /* Queue.hpp */,
				376615D820449AF0007AAEEC /* CircularList.hpp */,
			);
			path = Linear;
			sourceTree = "<group>";
		};
/* End PBXGroup section */

/* Begin PBXNativeTarget section */
		37561F0B202243590098D3B5 /* DataStructureProject */ = {
			isa = PBXNativeTarget;
			buildConfigurationList = 37561F13202243590098D3B5 /* Build configuration list for PBXNativeTarget "DataStructureProject" */;
			buildPhases = (
				37561F08202243590098D3B5 /* Sources */,
				37561F09202243590098D3B5 /* Frameworks */,
				37561F0A202243590098D3B5 /* CopyFiles */,
			);
			buildRules = (
			);
			dependencies = (
			);
			name = DataStructureProject;
			productName = DataStructureProject;
			productReference = 37561F0C202243590098D3B5 /* DataStructureProject */;
			productType = "com.apple.product-type.tool";
		};
/* End PBXNativeTarget section */

/* Begin PBXProject section */
		37561F04202243590098D3B5 /* Project object */ = {
			isa = PBXProject;
			attributes = {
				LastUpgradeCheck = 0900;
				ORGANIZATIONNAME = CTEC;
				TargetAttributes = {
					37561F0B202243590098D3B5 = {
						CreatedOnToolsVersion = 9.0;
						ProvisioningStyle = Automatic;
					};
				};
			};
			buildConfigurationList = 37561F07202243590098D3B5 /* Build configuration list for PBXProject "DataStructureProject" */;
			compatibilityVersion = "Xcode 8.0";
			developmentRegion = en;
			hasScannedForEncodings = 0;
			knownRegions = (
				en,
			);
			mainGroup = 37561F03202243590098D3B5;
			productRefGroup = 37561F0D202243590098D3B5 /* Products */;
			projectDirPath = "";
			projectRoot = "";
			targets = (
				37561F0B202243590098D3B5 /* DataStructureProject */,
			);
		};
/* End PBXProject section */

/* Begin PBXSourcesBuildPhase section */
		37561F08202243590098D3B5 /* Sources */ = {
			isa = PBXSourcesBuildPhase;
			buildActionMask = 2147483647;
			files = (
				37EFC1DB204DC534008C7424 /* RecursionTester.cpp in Sources */,
				37561F1F202247060098D3B5 /* Timer.cpp in Sources */,
				37561F2720224FBC0098D3B5 /* CrimeData.cpp in Sources */,
				37561F17202244010098D3B5 /* Runner.cpp in Sources */,
				37561F1B202244560098D3B5 /* Controller.cpp in Sources */,
				37C5EE8C206ACA26003C031D /* BinaryTreeTester.cpp in Sources */,
				37ED53352065727200D37078 /* GraphTester.cpp in Sources */,
				372B06D5205AE98F00D22AC4 /* SortingTester.cpp in Sources */,
				375F7E2F2034C6DD008F4699 /* LinkedListTester.cpp in Sources */,
				376615D6204492EB007AAEEC /* TestingStacksAndQueues.cpp in Sources */,
				378893A3202A33A300D3F79A /* ArrayTester.cpp in Sources */,
				37561F2220224D190098D3B5 /* FileController.cpp in Sources */,
			);
			runOnlyForDeploymentPostprocessing = 0;
		};
/* End PBXSourcesBuildPhase section */

/* Begin XCBuildConfiguration section */
		37561F11202243590098D3B5 /* Debug */ = {
			isa = XCBuildConfiguration;
			buildSettings = {
				ALWAYS_SEARCH_USER_PATHS = NO;
				CLANG_ANALYZER_NONNULL = YES;
				CLANG_ANALYZER_NUMBER_OBJECT_CONVERSION = YES_AGGRESSIVE;
				CLANG_CXX_LANGUAGE_STANDARD = "gnu++14";
				CLANG_CXX_LIBRARY = "libc++";
				CLANG_ENABLE_MODULES = YES;
				CLANG_ENABLE_OBJC_ARC = YES;
				CLANG_WARN_BLOCK_CAPTURE_AUTORELEASING = YES;
				CLANG_WARN_BOOL_CONVERSION = YES;
				CLANG_WARN_COMMA = YES;
				CLANG_WARN_CONSTANT_CONVERSION = YES;
				CLANG_WARN_DIRECT_OBJC_ISA_USAGE = YES_ERROR;
				CLANG_WARN_DOCUMENTATION_COMMENTS = YES;
				CLANG_WARN_EMPTY_BODY = YES;
				CLANG_WARN_ENUM_CONVERSION = YES;
				CLANG_WARN_INFINITE_RECURSION = YES;
				CLANG_WARN_INT_CONVERSION = YES;
				CLANG_WARN_NON_LITERAL_NULL_CONVERSION = YES;
				CLANG_WARN_OBJC_LITERAL_CONVERSION = YES;
				CLANG_WARN_OBJC_ROOT_CLASS = YES_ERROR;
				CLANG_WARN_RANGE_LOOP_ANALYSIS = YES;
				CLANG_WARN_STRICT_PROTOTYPES = YES;
				CLANG_WARN_SUSPICIOUS_MOVE = YES;
				CLANG_WARN_UNGUARDED_AVAILABILITY = YES_AGGRESSIVE;
				CLANG_WARN_UNREACHABLE_CODE = YES;
				CLANG_WARN__DUPLICATE_METHOD_MATCH = YES;
				CODE_SIGN_IDENTITY = "-";
				COPY_PHASE_STRIP = NO;
				DEBUG_INFORMATION_FORMAT = dwarf;
				ENABLE_STRICT_OBJC_MSGSEND = YES;
				ENABLE_TESTABILITY = YES;
				GCC_C_LANGUAGE_STANDARD = gnu11;
				GCC_DYNAMIC_NO_PIC = NO;
				GCC_NO_COMMON_BLOCKS = YES;
				GCC_OPTIMIZATION_LEVEL = 0;
				GCC_PREPROCESSOR_DEFINITIONS = (
					"DEBUG=1",
					"$(inherited)",
				);
				GCC_WARN_64_TO_32_BIT_CONVERSION = YES;
				GCC_WARN_ABOUT_RETURN_TYPE = YES_ERROR;
				GCC_WARN_UNDECLARED_SELECTOR = YES;
				GCC_WARN_UNINITIALIZED_AUTOS = YES_AGGRESSIVE;
				GCC_WARN_UNUSED_FUNCTION = YES;
				GCC_WARN_UNUSED_VARIABLE = YES;
				MACOSX_DEPLOYMENT_TARGET = 10.12;
				MTL_ENABLE_DEBUG_INFO = YES;
				ONLY_ACTIVE_ARCH = YES;
				SDKROOT = macosx;
			};
			name = Debug;
		};
		37561F12202243590098D3B5 /* Release */ = {
			isa = XCBuildConfiguration;
			buildSettings = {
				ALWAYS_SEARCH_USER_PATHS = NO;
				CLANG_ANALYZER_NONNULL = YES;
				CLANG_ANALYZER_NUMBER_OBJECT_CONVERSION = YES_AGGRESSIVE;
				CLANG_CXX_LANGUAGE_STANDARD = "gnu++14";
				CLANG_CXX_LIBRARY = "libc++";
				CLANG_ENABLE_MODULES = YES;
				CLANG_ENABLE_OBJC_ARC = YES;
				CLANG_WARN_BLOCK_CAPTURE_AUTORELEASING = YES;
				CLANG_WARN_BOOL_CONVERSION = YES;
				CLANG_WARN_COMMA = YES;
				CLANG_WARN_CONSTANT_CONVERSION = YES;
				CLANG_WARN_DIRECT_OBJC_ISA_USAGE = YES_ERROR;
				CLANG_WARN_DOCUMENTATION_COMMENTS = YES;
				CLANG_WARN_EMPTY_BODY = YES;
				CLANG_WARN_ENUM_CONVERSION = YES;
				CLANG_WARN_INFINITE_RECURSION = YES;
				CLANG_WARN_INT_CONVERSION = YES;
				CLANG_WARN_NON_LITERAL_NULL_CONVERSION = YES;
				CLANG_WARN_OBJC_LITERAL_CONVERSION = YES;
				CLANG_WARN_OBJC_ROOT_CLASS = YES_ERROR;
				CLANG_WARN_RANGE_LOOP_ANALYSIS = YES;
				CLANG_WARN_STRICT_PROTOTYPES = YES;
				CLANG_WARN_SUSPICIOUS_MOVE = YES;
				CLANG_WARN_UNGUARDED_AVAILABILITY = YES_AGGRESSIVE;
				CLANG_WARN_UNREACHABLE_CODE = YES;
				CLANG_WARN__DUPLICATE_METHOD_MATCH = YES;
				CODE_SIGN_IDENTITY = "-";
				COPY_PHASE_STRIP = NO;
				DEBUG_INFORMATION_FORMAT = "dwarf-with-dsym";
				ENABLE_NS_ASSERTIONS = NO;
				ENABLE_STRICT_OBJC_MSGSEND = YES;
				GCC_C_LANGUAGE_STANDARD = gnu11;
				GCC_NO_COMMON_BLOCKS = YES;
				GCC_WARN_64_TO_32_BIT_CONVERSION = YES;
				GCC_WARN_ABOUT_RETURN_TYPE = YES_ERROR;
				GCC_WARN_UNDECLARED_SELECTOR = YES;
				GCC_WARN_UNINITIALIZED_AUTOS = YES_AGGRESSIVE;
				GCC_WARN_UNUSED_FUNCTION = YES;
				GCC_WARN_UNUSED_VARIABLE = YES;
				MACOSX_DEPLOYMENT_TARGET = 10.12;
				MTL_ENABLE_DEBUG_INFO = NO;
				SDKROOT = macosx;
			};
			name = Release;
		};
		37561F14202243590098D3B5 /* Debug */ = {
			isa = XCBuildConfiguration;
			buildSettings = {
				CODE_SIGN_STYLE = Automatic;
				PRODUCT_NAME = "$(TARGET_NAME)";
			};
			name = Debug;
		};
		37561F15202243590098D3B5 /* Release */ = {
			isa = XCBuildConfiguration;
			buildSettings = {
				CODE_SIGN_STYLE = Automatic;
				PRODUCT_NAME = "$(TARGET_NAME)";
			};
			name = Release;
		};
/* End XCBuildConfiguration section */

/* Begin XCConfigurationList section */
		37561F07202243590098D3B5 /* Build configuration list for PBXProject "DataStructureProject" */ = {
			isa = XCConfigurationList;
			buildConfigurations = (
				37561F11202243590098D3B5 /* Debug */,
				37561F12202243590098D3B5 /* Release */,
			);
			defaultConfigurationIsVisible = 0;
			defaultConfigurationName = Release;
		};
		37561F13202243590098D3B5 /* Build configuration list for PBXNativeTarget "DataStructureProject" */ = {
			isa = XCConfigurationList;
			buildConfigurations = (
				37561F14202243590098D3B5 /* Debug */,
				37561F15202243590098D3B5 /* Release */,
			);
			defaultConfigurationIsVisible = 0;
			defaultConfigurationName = Release;
		};
/* End XCConfigurationList section */
	};
	rootObject = 37561F04202243590098D3B5 /* Project object */;
}
